
Microsoft Visual Studio Solution File, Format Version 12.00
# Visual Studio Version 16
VisualStudioVersion = 16.0.31019.35
MinimumVisualStudioVersion = 10.0.40219.1
Project("{FAE04EC0-301F-11D3-BF4B-00C04F79EFBC}") = "GameProject", "GameProject\GameProject.csproj", "{7B886755-B8BE-4B2F-BACB-9C3743AC77AF}"
EndProject
Global
	GlobalSection(SolutionConfigurationPlatforms) = preSolution
		Debug|Any CPU = Debug|Any CPU
		Release|Any CPU = Release|Any CPU
	EndGlobalSection
	GlobalSection(ProjectConfigurationPlatforms) = postSolution
		{7B886755-B8BE-4B2F-BACB-9C3743AC77AF}.Debug|Any CPU.ActiveCfg = Debug|Any CPU
		{7B886755-B8BE-4B2F-BACB-9C3743AC77AF}.Debug|Any CPU.Build.0 = Debug|Any CPU
		{7B886755-B8BE-4B2F-BACB-9C3743AC77AF}.Release|Any CPU.ActiveCfg = Release|Any CPU
		{7B886755-B8BE-4B2F-BACB-9C3743AC77AF}.Release|Any CPU.Build.0 = Release|Any CPU
	EndGlobalSection
	GlobalSection(SolutionProperties) = preSolution
		HideSolutionNode = FALSE
	EndGlobalSection
	GlobalSection(ExtensibilityGlobals) = postSolution
		SolutionGuid = {404C7620-7D4B-4E22-AEC9-1CEF44979B00}
	EndGlobalSection
EndGlobal
